// !$*UTF8*$!
{
	archiveVersion = 1;
	classes = {
	};
	objectVersion = 46;
	objects = {

/* Begin PBXBuildFile section */
		CEAC7C751E72B303000DACCC /* LucJSON.framework in Frameworks */ = {isa = PBXBuildFile; fileRef = CEAC7C6B1E72B303000DACCC /* LucJSON.framework */; };
		CEAC7C7A1E72B303000DACCC /* LucJSONTests.swift in Sources */ = {isa = PBXBuildFile; fileRef = CEAC7C791E72B303000DACCC /* LucJSONTests.swift */; };
		CEAC7C7C1E72B303000DACCC /* LucJSON.h in Headers */ = {isa = PBXBuildFile; fileRef = CEAC7C6E1E72B303000DACCC /* LucJSON.h */; settings = {ATTRIBUTES = (Public, ); }; };
/* End PBXBuildFile section */

/* Begin PBXContainerItemProxy section */
		CEAC7C761E72B303000DACCC /* PBXContainerItemProxy */ = {
			isa = PBXContainerItemProxy;
			containerPortal = CEAC7C621E72B302000DACCC /* Project object */;
			proxyType = 1;
			remoteGlobalIDString = CEAC7C6A1E72B303000DACCC;
			remoteInfo = LucJSON;
		};
/* End PBXContainerItemProxy section */

/* Begin PBXFileReference section */
		CEAC7C6B1E72B303000DACCC /* LucJSON.framework */ = {isa = PBXFileReference; explicitFileType = wrapper.framework; includeInIndex = 0; path = LucJSON.framework; sourceTree = BUILT_PRODUCTS_DIR; };
		CEAC7C6E1E72B303000DACCC /* LucJSON.h */ = {isa = PBXFileReference; lastKnownFileType = sourcecode.c.h; path = LucJSON.h; sourceTree = "<group>"; };
		CEAC7C6F1E72B303000DACCC /* Info.plist */ = {isa = PBXFileReference; lastKnownFileType = text.plist.xml; path = Info.plist; sourceTree = "<group>"; };
		CEAC7C741E72B303000DACCC /* LucJSONTests.xctest */ = {isa = PBXFileReference; explicitFileType = wrapper.cfbundle; includeInIndex = 0; path = LucJSONTests.xctest; sourceTree = BUILT_PRODUCTS_DIR; };
		CEAC7C791E72B303000DACCC /* LucJSONTests.swift */ = {isa = PBXFileReference; lastKnownFileType = sourcecode.swift; path = LucJSONTests.swift; sourceTree = "<group>"; };
		CEAC7C7B1E72B303000DACCC /* Info.plist */ = {isa = PBXFileReference; lastKnownFileType = text.plist.xml; path = Info.plist; sourceTree = "<group>"; };
/* End PBXFileReference section */

/* Begin PBXFrameworksBuildPhase section */
		CEAC7C671E72B303000DACCC /* Frameworks */ = {
			isa = PBXFrameworksBuildPhase;
			buildActionMask = 2147483647;
			files = (
			);
			runOnlyForDeploymentPostprocessing = 0;
		};
		CEAC7C711E72B303000DACCC /* Frameworks */ = {
			isa = PBXFrameworksBuildPhase;
			buildActionMask = 2147483647;
			files = (
				CEAC7C751E72B303000DACCC /* LucJSON.framework in Frameworks */,
			);
			runOnlyForDeploymentPostprocessing = 0;
		};
/* End PBXFrameworksBuildPhase section */

/* Begin PBXGroup section */
		CEAC7C611E72B302000DACCC = {
			isa = PBXGroup;
			children = (
				CEAC7C6D1E72B303000DACCC /* LucJSON */,
				CEAC7C781E72B303000DACCC /* LucJSONTests */,
				CEAC7C6C1E72B303000DACCC /* Products */,
			);
			sourceTree = "<group>";
		};
		CEAC7C6C1E72B303000DACCC /* Products */ = {
			isa = PBXGroup;
			children = (
				CEAC7C6B1E72B303000DACCC /* LucJSON.framework */,
				CEAC7C741E72B303000DACCC /* LucJSONTests.xctest */,
			);
			name = Products;
			sourceTree = "<group>";
		};
		CEAC7C6D1E72B303000DACCC /* LucJSON */ = {
			isa = PBXGroup;
			children = (
				CEAC7C6E1E72B303000DACCC /* LucJSON.h */,
				CEAC7C6F1E72B303000DACCC /* Info.plist */,
			);
			path = LucJSON;
			sourceTree = "<group>";
		};
		CEAC7C781E72B303000DACCC /* LucJSONTests */ = {
			isa = PBXGroup;
			children = (
				CEAC7C791E72B303000DACCC /* LucJSONTests.swift */,
				CEAC7C7B1E72B303000DACCC /* Info.plist */,
			);
			path = LucJSONTests;
			sourceTree = "<group>";
		};
/* End PBXGroup section */

/* Begin PBXHeadersBuildPhase section */
		CEAC7C681E72B303000DACCC /* Headers */ = {
			isa = PBXHeadersBuildPhase;
			buildActionMask = 2147483647;
			files = (
				CEAC7C7C1E72B303000DACCC /* LucJSON.h in Headers */,
			);
			runOnlyForDeploymentPostprocessing = 0;
		};
/* End PBXHeadersBuildPhase section */

/* Begin PBXNativeTarget section */
		CEAC7C6A1E72B303000DACCC /* LucJSON */ = {
			isa = PBXNativeTarget;
			buildConfigurationList = CEAC7C7F1E72B303000DACCC /* Build configuration list for PBXNativeTarget "LucJSON" */;
			buildPhases = (
				CEAC7C661E72B303000DACCC /* Sources */,
				CEAC7C671E72B303000DACCC /* Frameworks */,
				CEAC7C681E72B303000DACCC /* Headers */,
				CEAC7C691E72B303000DACCC /* Resources */,
			);
			buildRules = (
			);
			dependencies = (
			);
			name = LucJSON;
			productName = LucJSON;
			productReference = CEAC7C6B1E72B303000DACCC /* LucJSON.framework */;
			productType = "com.apple.product-type.framework";
		};
		CEAC7C731E72B303000DACCC /* LucJSONTests */ = {
			isa = PBXNativeTarget;
			buildConfigurationList = CEAC7C821E72B303000DACCC /* Build configuration list for PBXNativeTarget "LucJSONTests" */;
			buildPhases = (
				CEAC7C701E72B303000DACCC /* Sources */,
				CEAC7C711E72B303000DACCC /* Frameworks */,
				CEAC7C721E72B303000DACCC /* Resources */,
			);
			buildRules = (
			);
			dependencies = (
				CEAC7C771E72B303000DACCC /* PBXTargetDependency */,
			);
			name = LucJSONTests;
			productName = LucJSONTests;
			productReference = CEAC7C741E72B303000DACCC /* LucJSONTests.xctest */;
			productType = "com.apple.product-type.bundle.unit-test";
		};
/* End PBXNativeTarget section */

/* Begin PBXProject section */
		CEAC7C621E72B302000DACCC /* Project object */ = {
			isa = PBXProject;
			attributes = {
				LastSwiftUpdateCheck = 0820;
				LastUpgradeCheck = 0820;
				ORGANIZATIONNAME = ViolentOctopus;
				TargetAttributes = {
					CEAC7C6A1E72B303000DACCC = {
						CreatedOnToolsVersion = 8.2.1;
						DevelopmentTeam = 7H6SM4X3H7;
						ProvisioningStyle = Automatic;
					};
					CEAC7C731E72B303000DACCC = {
						CreatedOnToolsVersion = 8.2.1;
						DevelopmentTeam = 7H6SM4X3H7;
						ProvisioningStyle = Automatic;
					};
				};
			};
			buildConfigurationList = CEAC7C651E72B302000DACCC /* Build configuration list for PBXProject "LucJSON" */;
			compatibilityVersion = "Xcode 3.2";
			developmentRegion = English;
			hasScannedForEncodings = 0;
			knownRegions = (
				en,
			);
			mainGroup = CEAC7C611E72B302000DACCC;
			productRefGroup = CEAC7C6C1E72B303000DACCC /* Products */;
			projectDirPath = "";
			projectRoot = "";
			targets = (
				CEAC7C6A1E72B303000DACCC /* LucJSON */,
				CEAC7C731E72B303000DACCC /* LucJSONTests */,
			);
		};
/* End PBXProject section */

/* Begin PBXResourcesBuildPhase section */
		CEAC7C691E72B303000DACCC /* Resources */ = {
			isa = PBXResourcesBuildPhase;
			buildActionMask = 2147483647;
			files = (
			);
			runOnlyForDeploymentPostprocessing = 0;
		};
		CEAC7C721E72B303000DACCC /* Resources */ = {
			isa = PBXResourcesBuildPhase;
			buildActionMask = 2147483647;
			files = (
			);
			runOnlyForDeploymentPostprocessing = 0;
		};
/* End PBXResourcesBuildPhase section */

/* Begin PBXSourcesBuildPhase section */
		CEAC7C661E72B303000DACCC /* Sources */ = {
			isa = PBXSourcesBuildPhase;
			buildActionMask = 2147483647;
			files = (
			);
			runOnlyForDeploymentPostprocessing = 0;
		};
		CEAC7C701E72B303000DACCC /* Sources */ = {
			isa = PBXSourcesBuildPhase;
			buildActionMask = 2147483647;
			files = (
				CEAC7C7A1E72B303000DACCC /* LucJSONTests.swift in Sources */,
			);
			runOnlyForDeploymentPostprocessing = 0;
		};
/* End PBXSourcesBuildPhase section */

/* Begin PBXTargetDependency section */
		CEAC7C771E72B303000DACCC /* PBXTargetDependency */ = {
			isa = PBXTargetDependency;
			target = CEAC7C6A1E72B303000DACCC /* LucJSON */;
			targetProxy = CEAC7C761E72B303000DACCC /* PBXContainerItemProxy */;
		};
/* End PBXTargetDependency section */

/* Begin XCBuildConfiguration section */
		CEAC7C7D1E72B303000DACCC /* Debug */ = {
			isa = XCBuildConfiguration;
			buildSettings = {
				ALWAYS_SEARCH_USER_PATHS = NO;
				CLANG_ANALYZER_NONNULL = YES;
				CLANG_CXX_LANGUAGE_STANDARD = "gnu++0x";
				CLANG_CXX_LIBRARY = "libc++";
				CLANG_ENABLE_MODULES = YES;
				CLANG_ENABLE_OBJC_ARC = YES;
				CLANG_WARN_BOOL_CONVERSION = YES;
				CLANG_WARN_CONSTANT_CONVERSION = YES;
				CLANG_WARN_DIRECT_OBJC_ISA_USAGE = YES_ERROR;
				CLANG_WARN_DOCUMENTATION_COMMENTS = YES;
				CLANG_WARN_EMPTY_BODY = YES;
				CLANG_WARN_ENUM_CONVERSION = YES;
				CLANG_WARN_INFINITE_RECURSION = YES;
				CLANG_WARN_INT_CONVERSION = YES;
				CLANG_WARN_OBJC_ROOT_CLASS = YES_ERROR;
				CLANG_WARN_SUSPICIOUS_MOVE = YES;
				CLANG_WARN_UNREACHABLE_CODE = YES;
				CLANG_WARN__DUPLICATE_METHOD_MATCH = YES;
				"CODE_SIGN_IDENTITY[sdk=iphoneos*]" = "iPhone Developer";
				COPY_PHASE_STRIP = NO;
				CURRENT_PROJECT_VERSION = 1;
				DEBUG_INFORMATION_FORMAT = dwarf;
				ENABLE_STRICT_OBJC_MSGSEND = YES;
				ENABLE_TESTABILITY = YES;
				GCC_C_LANGUAGE_STANDARD = gnu99;
				GCC_DYNAMIC_NO_PIC = NO;
				GCC_NO_COMMON_BLOCKS = YES;
				GCC_OPTIMIZATION_LEVEL = 0;
				GCC_PREPROCESSOR_DEFINITIONS = (
					"DEBUG=1",
					"$(inherited)",
				);
				GCC_WARN_64_TO_32_BIT_CONVERSION = YES;
				GCC_WARN_ABOUT_RETURN_TYPE = YES_ERROR;
				GCC_WARN_UNDECLARED_SELECTOR = YES;
				GCC_WARN_UNINITIALIZED_AUTOS = YES_AGGRESSIVE;
				GCC_WARN_UNUSED_FUNCTION = YES;
				GCC_WARN_UNUSED_VARIABLE = YES;
				IPHONEOS_DEPLOYMENT_TARGET = 10.2;
				MTL_ENABLE_DEBUG_INFO = YES;
				ONLY_ACTIVE_ARCH = YES;
				SDKROOT = iphoneos;
				SWIFT_ACTIVE_COMPILATION_CONDITIONS = DEBUG;
				SWIFT_OPTIMIZATION_LEVEL = "-Onone";
				TARGETED_DEVICE_FAMILY = "1,2";
				VERSIONING_SYSTEM = "apple-generic";
				VERSION_INFO_PREFIX = "";
			};
			name = Debug;
		};
		CEAC7C7E1E72B303000DACCC /* Release */ = {
			isa = XCBuildConfiguration;
			buildSettings = {
				ALWAYS_SEARCH_USER_PATHS = NO;
				CLANG_ANALYZER_NONNULL = YES;
				CLANG_CXX_LANGUAGE_STANDARD = "gnu++0x";
				CLANG_CXX_LIBRARY = "libc++";
				CLANG_ENABLE_MODULES = YES;
				CLANG_ENABLE_OBJC_ARC = YES;
				CLANG_WARN_BOOL_CONVERSION = YES;
				CLANG_WARN_CONSTANT_CONVERSION = YES;
				CLANG_WARN_DIRECT_OBJC_ISA_USAGE = YES_ERROR;
				CLANG_WARN_DOCUMENTATION_COMMENTS = YES;
				CLANG_WARN_EMPTY_BODY = YES;
				CLANG_WARN_ENUM_CONVERSION = YES;
				CLANG_WARN_INFINITE_RECURSION = YES;
				CLANG_WARN_INT_CONVERSION = YES;
				CLANG_WARN_OBJC_ROOT_CLASS = YES_ERROR;
				CLANG_WARN_SUSPICIOUS_MOVE = YES;
				CLANG_WARN_UNREACHABLE_CODE = YES;
				CLANG_WARN__DUPLICATE_METHOD_MATCH = YES;
				"CODE_SIGN_IDENTITY[sdk=iphoneos*]" = "iPhone Developer";
				COPY_PHASE_STRIP = NO;
				CURRENT_PROJECT_VERSION = 1;
				DEBUG_INFORMATION_FORMAT = "dwarf-with-dsym";
				ENABLE_NS_ASSERTIONS = NO;
				ENABLE_STRICT_OBJC_MSGSEND = YES;
				GCC_C_LANGUAGE_STANDARD = gnu99;
				GCC_NO_COMMON_BLOCKS = YES;
				GCC_WARN_64_TO_32_BIT_CONVERSION = YES;
				GCC_WARN_ABOUT_RETURN_TYPE = YES_ERROR;
				GCC_WARN_UNDECLARED_SELECTOR = YES;
				GCC_WARN_UNINITIALIZED_AUTOS = YES_AGGRESSIVE;
				GCC_WARN_UNUSED_FUNCTION = YES;
				GCC_WARN_UNUSED_VARIABLE = YES;
				IPHONEOS_DEPLOYMENT_TARGET = 10.2;
				MTL_ENABLE_DEBUG_INFO = NO;
				SDKROOT = iphoneos;
				SWIFT_OPTIMIZATION_LEVEL = "-Owholemodule";
				TARGETED_DEVICE_FAMILY = "1,2";
				VALIDATE_PRODUCT = YES;
				VERSIONING_SYSTEM = "apple-generic";
				VERSION_INFO_PREFIX = "";
			};
			name = Release;
		};
		CEAC7C801E72B303000DACCC /* Debug */ = {
			isa = XCBuildConfiguration;
			buildSettings = {
				CODE_SIGN_IDENTITY = "";
				DEFINES_MODULE = YES;
				DEVELOPMENT_TEAM = 7H6SM4X3H7;
				DYLIB_COMPATIBILITY_VERSION = 1;
				DYLIB_CURRENT_VERSION = 1;
				DYLIB_INSTALL_NAME_BASE = "@rpath";
				INFOPLIST_FILE = LucJSON/Info.plist;
				INSTALL_PATH = "$(LOCAL_LIBRARY_DIR)/Frameworks";
				IPHONEOS_DEPLOYMENT_TARGET = 8.0;
				LD_RUNPATH_SEARCH_PATHS = "$(inherited) @executable_path/Frameworks @loader_path/Frameworks";
				PRODUCT_BUNDLE_IDENTIFIER = com.violentoctopus.LucJSON;
				PRODUCT_NAME = "$(TARGET_NAME)";
				SKIP_INSTALL = YES;
				SWIFT_VERSION = 3.0;
			};
			name = Debug;
		};
		CEAC7C811E72B303000DACCC /* Release */ = {
			isa = XCBuildConfiguration;
			buildSettings = {
				CODE_SIGN_IDENTITY = "";
				DEFINES_MODULE = YES;
				DEVELOPMENT_TEAM = 7H6SM4X3H7;
				DYLIB_COMPATIBILITY_VERSION = 1;
				DYLIB_CURRENT_VERSION = 1;
				DYLIB_INSTALL_NAME_BASE = "@rpath";
				INFOPLIST_FILE = LucJSON/Info.plist;
				INSTALL_PATH = "$(LOCAL_LIBRARY_DIR)/Frameworks";
				IPHONEOS_DEPLOYMENT_TARGET = 8.0;
				LD_RUNPATH_SEARCH_PATHS = "$(inherited) @executable_path/Frameworks @loader_path/Frameworks";
				PRODUCT_BUNDLE_IDENTIFIER = com.violentoctopus.LucJSON;
				PRODUCT_NAME = "$(TARGET_NAME)";
				SKIP_INSTALL = YES;
				SWIFT_VERSION = 3.0;
			};
			name = Release;
		};
		CEAC7C831E72B303000DACCC /* Debug */ = {
			isa = XCBuildConfiguration;
			buildSettings = {
				DEVELOPMENT_TEAM = 7H6SM4X3H7;
				INFOPLIST_FILE = LucJSONTests/Info.plist;
				LD_RUNPATH_SEARCH_PATHS = "$(inherited) @executable_path/Frameworks @loader_path/Frameworks";
				PRODUCT_BUNDLE_IDENTIFIER = com.violentoctopus.LucJSONTests;
				PRODUCT_NAME = "$(TARGET_NAME)";
				SWIFT_VERSION = 3.0;
			};
			name = Debug;
		};
		CEAC7C841E72B303000DACCC /* Release */ = {
			isa = XCBuildConfiguration;
			buildSettings = {
				DEVELOPMENT_TEAM = 7H6SM4X3H7;
				INFOPLIST_FILE = LucJSONTests/Info.plist;
				LD_RUNPATH_SEARCH_PATHS = "$(inherited) @executable_path/Frameworks @loader_path/Frameworks";
				PRODUCT_BUNDLE_IDENTIFIER = com.violentoctopus.LucJSONTests;
				PRODUCT_NAME = "$(TARGET_NAME)";
				SWIFT_VERSION = 3.0;
			};
			name = Release;
		};
/* End XCBuildConfiguration section */

/* Begin XCConfigurationList section */
		CEAC7C651E72B302000DACCC /* Build configuration list for PBXProject "LucJSON" */ = {
			isa = XCConfigurationList;
			buildConfigurations = (
				CEAC7C7D1E72B303000DACCC /* Debug */,
				CEAC7C7E1E72B303000DACCC /* Release */,
			);
			defaultConfigurationIsVisible = 0;
			defaultConfigurationName = Release;
		};
		CEAC7C7F1E72B303000DACCC /* Build configuration list for PBXNativeTarget "LucJSON" */ = {
			isa = XCConfigurationList;
			buildConfigurations = (
				CEAC7C801E72B303000DACCC /* Debug */,
				CEAC7C811E72B303000DACCC /* Release */,
			);
			defaultConfigurationIsVisible = 0;
			defaultConfigurationName = Release;
		};
		CEAC7C821E72B303000DACCC /* Build configuration list for PBXNativeTarget "LucJSONTests" */ = {
			isa = XCConfigurationList;
			buildConfigurations = (
				CEAC7C831E72B303000DACCC /* Debug */,
				CEAC7C841E72B303000DACCC /* Release */,
			);
			defaultConfigurationIsVisible = 0;
			defaultConfigurationName = Release;
		};
/* End XCConfigurationList section */
	};
	rootObject = CEAC7C621E72B302000DACCC /* Project object */;
}
